
Microsoft Visual Studio Solution File, Format Version 12.00
# Visual Studio Version 17
VisualStudioVersion = 17.10.34916.146
MinimumVisualStudioVersion = 10.0.40219.1
Project("{FAE04EC0-301F-11D3-BF4B-00C04F79EFBC}") = "Store", "Store.csproj", "{D5196923-16EC-4E2C-A29C-7438C029600E}"
EndProject
Global
	GlobalSection(SolutionConfigurationPlatforms) = preSolution
		Debug|Any CPU = Debug|Any CPU
		Release|Any CPU = Release|Any CPU
	EndGlobalSection
	GlobalSection(ProjectConfigurationPlatforms) = postSolution
		{D5196923-16EC-4E2C-A29C-7438C029600E}.Debug|Any CPU.ActiveCfg = Debug|Any CPU
		{D5196923-16EC-4E2C-A29C-7438C029600E}.Debug|Any CPU.Build.0 = Debug|Any CPU
		{D5196923-16EC-4E2C-A29C-7438C029600E}.Release|Any CPU.ActiveCfg = Release|Any CPU
		{D5196923-16EC-4E2C-A29C-7438C029600E}.Release|Any CPU.Build.0 = Release|Any CPU
	EndGlobalSection
	GlobalSection(SolutionProperties) = preSolution
		HideSolutionNode = FALSE
	EndGlobalSection
	GlobalSection(ExtensibilityGlobals) = postSolution
		SolutionGuid = {51594AE0-F4D4-46A3-839A-971E4AE2BB6E}
	EndGlobalSection
EndGlobal
